
Microsoft Visual Studio Solution File, Format Version 12.00
# Visual Studio Version 17
VisualStudioVersion = 17.9.34607.119
MinimumVisualStudioVersion = 10.0.40219.1
Project("{FAE04EC0-301F-11D3-BF4B-00C04F79EFBC}") = "TodoAppBlazorServer", "TodoAppBlazorServer.csproj", "{EBDC4496-A908-4E4B-A033-B51F8C58FD16}"
EndProject
Global
	GlobalSection(SolutionConfigurationPlatforms) = preSolution
		Debug|Any CPU = Debug|Any CPU
		Release|Any CPU = Release|Any CPU
	EndGlobalSection
	GlobalSection(ProjectConfigurationPlatforms) = postSolution
		{EBDC4496-A908-4E4B-A033-B51F8C58FD16}.Debug|Any CPU.ActiveCfg = Debug|Any CPU
		{EBDC4496-A908-4E4B-A033-B51F8C58FD16}.Debug|Any CPU.Build.0 = Debug|Any CPU
		{EBDC4496-A908-4E4B-A033-B51F8C58FD16}.Release|Any CPU.ActiveCfg = Release|Any CPU
		{EBDC4496-A908-4E4B-A033-B51F8C58FD16}.Release|Any CPU.Build.0 = Release|Any CPU
	EndGlobalSection
	GlobalSection(SolutionProperties) = preSolution
		HideSolutionNode = FALSE
	EndGlobalSection
	GlobalSection(ExtensibilityGlobals) = postSolution
		SolutionGuid = {36E1B4C1-187E-40A8-901D-E01350810D6D}
	EndGlobalSection
EndGlobal
